
Microsoft Visual Studio Solution File, Format Version 12.00
Project("{FAE04EC0-301F-11D3-BF4B-00C04F79EFBC}") = "TodoRESTApi", "TodoRESTApi\TodoRESTApi.csproj", "{3BD520A0-B55F-4906-AD28-5F2FEB449343}"
EndProject
Global
	GlobalSection(SolutionConfigurationPlatforms) = preSolution
		Debug|Any CPU = Debug|Any CPU
		Release|Any CPU = Release|Any CPU
	EndGlobalSection
	GlobalSection(ProjectConfigurationPlatforms) = postSolution
		{3BD520A0-B55F-4906-AD28-5F2FEB449343}.Debug|Any CPU.ActiveCfg = Debug|Any CPU
		{3BD520A0-B55F-4906-AD28-5F2FEB449343}.Debug|Any CPU.Build.0 = Debug|Any CPU
		{3BD520A0-B55F-4906-AD28-5F2FEB449343}.Release|Any CPU.ActiveCfg = Release|Any CPU
		{3BD520A0-B55F-4906-AD28-5F2FEB449343}.Release|Any CPU.Build.0 = Release|Any CPU
	EndGlobalSection
EndGlobal
